
Microsoft Visual Studio Solution File, Format Version 12.00
# Visual Studio Version 17
VisualStudioVersion = 17.4.33205.214
MinimumVisualStudioVersion = 10.0.40219.1
Project("{FAE04EC0-301F-11D3-BF4B-00C04F79EFBC}") = "MyRansomware", "MyRansomware\MyRansomware.csproj", "{6FDAC453-423D-48F8-BD17-90AC368523BD}"
EndProject
Global
	GlobalSection(SolutionConfigurationPlatforms) = preSolution
		Debug|Any CPU = Debug|Any CPU
		Release|Any CPU = Release|Any CPU
	EndGlobalSection
	GlobalSection(ProjectConfigurationPlatforms) = postSolution
		{6FDAC453-423D-48F8-BD17-90AC368523BD}.Debug|Any CPU.ActiveCfg = Debug|Any CPU
		{6FDAC453-423D-48F8-BD17-90AC368523BD}.Debug|Any CPU.Build.0 = Debug|Any CPU
		{6FDAC453-423D-48F8-BD17-90AC368523BD}.Release|Any CPU.ActiveCfg = Release|Any CPU
		{6FDAC453-423D-48F8-BD17-90AC368523BD}.Release|Any CPU.Build.0 = Release|Any CPU
	EndGlobalSection
	GlobalSection(SolutionProperties) = preSolution
		HideSolutionNode = FALSE
	EndGlobalSection
	GlobalSection(ExtensibilityGlobals) = postSolution
		SolutionGuid = {DB028419-0DBC-445A-A661-E8EEE4EC1002}
	EndGlobalSection
EndGlobal
